
Microsoft Visual Studio Solution File, Format Version 12.00
# Visual Studio Version 17
VisualStudioVersion = 17.6.33815.320
MinimumVisualStudioVersion = 10.0.40219.1
Project("{FAE04EC0-301F-11D3-BF4B-00C04F79EFBC}") = "GpsApp", "GpsApp\GpsApp.csproj", "{B4EFA398-F1DB-4F5D-9377-BB71769FF1AF}"
EndProject
Project("{9A19103F-16F7-4668-BE54-9A1E7A4F7556}") = "GpsData", "GpsData\GpsData.csproj", "{32BCC603-B396-4006-9854-D42EBFA17A93}"
EndProject
Project("{FAE04EC0-301F-11D3-BF4B-00C04F79EFBC}") = "GpsDataTest", "GpsDataTest\GpsDataTest.csproj", "{CE475B58-E5BC-434B-B551-074F1D536F45}"
EndProject
Global
	GlobalSection(SolutionConfigurationPlatforms) = preSolution
		Debug|Any CPU = Debug|Any CPU
		Release|Any CPU = Release|Any CPU
	EndGlobalSection
	GlobalSection(ProjectConfigurationPlatforms) = postSolution
		{B4EFA398-F1DB-4F5D-9377-BB71769FF1AF}.Debug|Any CPU.ActiveCfg = Debug|Any CPU
		{B4EFA398-F1DB-4F5D-9377-BB71769FF1AF}.Debug|Any CPU.Build.0 = Debug|Any CPU
		{B4EFA398-F1DB-4F5D-9377-BB71769FF1AF}.Debug|Any CPU.Deploy.0 = Debug|Any CPU
		{B4EFA398-F1DB-4F5D-9377-BB71769FF1AF}.Release|Any CPU.ActiveCfg = Release|Any CPU
		{B4EFA398-F1DB-4F5D-9377-BB71769FF1AF}.Release|Any CPU.Build.0 = Release|Any CPU
		{B4EFA398-F1DB-4F5D-9377-BB71769FF1AF}.Release|Any CPU.Deploy.0 = Release|Any CPU
		{32BCC603-B396-4006-9854-D42EBFA17A93}.Debug|Any CPU.ActiveCfg = Debug|Any CPU
		{32BCC603-B396-4006-9854-D42EBFA17A93}.Debug|Any CPU.Build.0 = Debug|Any CPU
		{32BCC603-B396-4006-9854-D42EBFA17A93}.Release|Any CPU.ActiveCfg = Release|Any CPU
		{32BCC603-B396-4006-9854-D42EBFA17A93}.Release|Any CPU.Build.0 = Release|Any CPU
		{CE475B58-E5BC-434B-B551-074F1D536F45}.Debug|Any CPU.ActiveCfg = Debug|Any CPU
		{CE475B58-E5BC-434B-B551-074F1D536F45}.Debug|Any CPU.Build.0 = Debug|Any CPU
		{CE475B58-E5BC-434B-B551-074F1D536F45}.Release|Any CPU.ActiveCfg = Release|Any CPU
		{CE475B58-E5BC-434B-B551-074F1D536F45}.Release|Any CPU.Build.0 = Release|Any CPU
	EndGlobalSection
	GlobalSection(SolutionProperties) = preSolution
		HideSolutionNode = FALSE
	EndGlobalSection
	GlobalSection(ExtensibilityGlobals) = postSolution
		SolutionGuid = {49A2AF16-EC44-4280-90CB-A599CFA11432}
	EndGlobalSection
EndGlobal
